
Microsoft Visual Studio Solution File, Format Version 12.00
# Visual Studio 15
VisualStudioVersion = 15.0.28307.705
MinimumVisualStudioVersion = 10.0.40219.1
Project("{FAE04EC0-301F-11D3-BF4B-00C04F79EFBC}") = "BookService", "BookService\BookService.csproj", "{9F253457-8D25-47B5-8FC8-E0D77F3DC680}"
EndProject
Global
	GlobalSection(SolutionConfigurationPlatforms) = preSolution
		Debug|Any CPU = Debug|Any CPU
		Release|Any CPU = Release|Any CPU
	EndGlobalSection
	GlobalSection(ProjectConfigurationPlatforms) = postSolution
		{9F253457-8D25-47B5-8FC8-E0D77F3DC680}.Debug|Any CPU.ActiveCfg = Debug|Any CPU
		{9F253457-8D25-47B5-8FC8-E0D77F3DC680}.Debug|Any CPU.Build.0 = Debug|Any CPU
		{9F253457-8D25-47B5-8FC8-E0D77F3DC680}.Release|Any CPU.ActiveCfg = Release|Any CPU
		{9F253457-8D25-47B5-8FC8-E0D77F3DC680}.Release|Any CPU.Build.0 = Release|Any CPU
	EndGlobalSection
	GlobalSection(SolutionProperties) = preSolution
		HideSolutionNode = FALSE
	EndGlobalSection
	GlobalSection(ExtensibilityGlobals) = postSolution
		SolutionGuid = {7E5C8E87-CDD6-4803-90A5-1B2E30B70569}
	EndGlobalSection
EndGlobal
